{
  "version": "2",
  "remote": {
    "https://deno.land/std@0.159.0/fmt/colors.ts": "ff7dc9c9f33a72bd48bc24b21bbc1b4545d8494a431f17894dbc5fe92a938fc4",
    "https://deno.land/std@0.159.0/testing/_diff.ts": "a23e7fc2b4d8daa3e158fa06856bedf5334ce2a2831e8bf9e509717f455adb2c",
    "https://deno.land/std@0.159.0/testing/_format.ts": "cd11136e1797791045e639e9f0f4640d5b4166148796cad37e6ef75f7d7f3832",
    "https://deno.land/std@0.159.0/testing/asserts.ts": "9ff3259f6cdc2908af478f9340f4e470d23234324bd33e7f74c683a00ed4d211",
    "https://deno.land/x/oidlib@v0.0.5/mod.ts": "5a684b460a621869fd0189aaa7eae9acde21cc7022b1ce78f19b81932846d4bf",
    "https://deno.land/x/oidlib@v0.0.5/src/2d/Box.ts": "7a968e0e81f1325ff99644eaf174ec2674c8179b054af67ac71f29e3350d2ca7",
    "https://deno.land/x/oidlib@v0.0.5/src/2d/XY.ts": "11f47292e85ac788f2292dcb9e7188d34529d9d2290854767787af245386393e",
    "https://deno.land/x/oidlib@v0.0.5/src/math/Random.ts": "5ae8bf68c2c3e559012f6ffe5ad5236c0a0384a4d7ac1d9521fea7e571e7e381",
    "https://deno.land/x/oidlib@v0.0.5/src/time/Millis.ts": "a2951e52c8d55e1f61f4a1f607cb9837fa4a2fd710756e71558b0877f2be26ab",
    "https://deno.land/x/oidlib@v0.0.5/src/types/Immutable.ts": "f4b29dc4beded9237019ec9a5611d91e67a2f351c7639499f7e99784224a67b3",
    "https://deno.land/x/oidlib@v0.0.5/src/types/Inverse.ts": "df7212f427169e106eef2275661754c0a9ebf357c125a3226112e11a6055928f",
    "https://deno.land/x/oidlib@v0.0.5/src/types/JSON.ts": "c8ecd3aa3ba5c53f0e688ed72338642eca2593c778faa9cf6d6a98c9b71084b0",
    "https://deno.land/x/oidlib@v0.0.5/src/types/NonNull.ts": "9b1b157862d362eab029989135f1a057269f8137c7ab98578ce831b2bf80d2d8",
    "https://deno.land/x/oidlib@v0.0.5/src/types/Num.ts": "4cd07442244057370e46357d4423914c97831f543eccabbb7e0340b3167df662",
    "https://deno.land/x/oidlib@v0.0.5/src/types/Opt.ts": "9da85a137728e6a83d85c98abd3e1bedf5329b820dbb8d44432dc6a36ae940ef",
    "https://deno.land/x/oidlib@v0.0.5/src/utils/ArrayUtil.ts": "52aab1ac32c23190399d65062f2bac5a462d506006f4b969755bd95fe3aafaad",
    "https://deno.land/x/oidlib@v0.0.5/src/utils/Color.ts": "beb7c5ac5a55c54fde56a7efbc1e7059f3fb0e499c0dd082397661f15488d399",
    "https://deno.land/x/oidlib@v0.0.5/src/utils/NumUtil.ts": "29adc31635e9efa34c8bb2523e8329fd18e0bba27fd95e11592b2e1dddf7c6ef",
    "https://deno.land/x/oidlib@v0.0.5/src/utils/Obj.ts": "3e5ccd55be04520431b204cc251b41cdc33b0b158dc69431324aef050621d4d7",
    "https://deno.land/x/oidlib@v0.0.5/src/utils/Str.ts": "9db20c007a3ff790a365746ba5fde3157393cf5ed1427f33a28957b57cfbb8d8",
    "https://deno.land/x/oidlib@v0.0.5/src/utils/assert.ts": "fc7690957e345efa06629603a03da25a65810ce17db94e23b6c0279d23e6cc06"
  }
}
